
Microsoft Visual Studio Solution File, Format Version 12.00
# Visual Studio 15
VisualStudioVersion = 15.0.26430.6
MinimumVisualStudioVersion = 10.0.40219.1
Project("{8BC9CEB8-8B4A-11D0-8D11-00A0C91BC942}") = "GoogleTest", "GoogleTest\GoogleTest.vcxproj", "{F1F7E7B4-7746-41C9-987D-D3AF172028E1}"
EndProject
Project("{8BC9CEB8-8B4A-11D0-8D11-00A0C91BC942}") = "Shooter.Host", "Shooter.Host\Shooter.Host.vcxproj", "{2C7FB8A1-89B4-4184-979D-ECE1FAB84E24}"
EndProject
Project("{8BC9CEB8-8B4A-11D0-8D11-00A0C91BC942}") = "Shooter", "Shooter\Shooter.vcxproj", "{064D2134-E2E0-4E40-AC78-9972D89F6BDD}"
EndProject
Project("{8BC9CEB8-8B4A-11D0-8D11-00A0C91BC942}") = "Shooter.Tests", "Shooter.Tests\Shooter.Tests.vcxproj", "{EF33D62C-3F89-4896-9B26-9B08147E18B0}"
EndProject
Global
	GlobalSection(SolutionConfigurationPlatforms) = preSolution
		Debug|x64 = Debug|x64
		Debug|x86 = Debug|x86
		Release|x64 = Release|x64
		Release|x86 = Release|x86
	EndGlobalSection
	GlobalSection(ProjectConfigurationPlatforms) = postSolution
		{F1F7E7B4-7746-41C9-987D-D3AF172028E1}.Debug|x64.ActiveCfg = Debug|x64
		{F1F7E7B4-7746-41C9-987D-D3AF172028E1}.Debug|x64.Build.0 = Debug|x64
		{F1F7E7B4-7746-41C9-987D-D3AF172028E1}.Debug|x86.ActiveCfg = Debug|Win32
		{F1F7E7B4-7746-41C9-987D-D3AF172028E1}.Debug|x86.Build.0 = Debug|Win32
		{F1F7E7B4-7746-41C9-987D-D3AF172028E1}.Release|x64.ActiveCfg = Release|x64
		{F1F7E7B4-7746-41C9-987D-D3AF172028E1}.Release|x64.Build.0 = Release|x64
		{F1F7E7B4-7746-41C9-987D-D3AF172028E1}.Release|x86.ActiveCfg = Release|Win32
		{F1F7E7B4-7746-41C9-987D-D3AF172028E1}.Release|x86.Build.0 = Release|Win32
		{2C7FB8A1-89B4-4184-979D-ECE1FAB84E24}.Debug|x64.ActiveCfg = Debug|x64
		{2C7FB8A1-89B4-4184-979D-ECE1FAB84E24}.Debug|x64.Build.0 = Debug|x64
		{2C7FB8A1-89B4-4184-979D-ECE1FAB84E24}.Debug|x86.ActiveCfg = Debug|Win32
		{2C7FB8A1-89B4-4184-979D-ECE1FAB84E24}.Debug|x86.Build.0 = Debug|Win32
		{2C7FB8A1-89B4-4184-979D-ECE1FAB84E24}.Release|x64.ActiveCfg = Release|x64
		{2C7FB8A1-89B4-4184-979D-ECE1FAB84E24}.Release|x64.Build.0 = Release|x64
		{2C7FB8A1-89B4-4184-979D-ECE1FAB84E24}.Release|x86.ActiveCfg = Release|Win32
		{2C7FB8A1-89B4-4184-979D-ECE1FAB84E24}.Release|x86.Build.0 = Release|Win32
		{064D2134-E2E0-4E40-AC78-9972D89F6BDD}.Debug|x64.ActiveCfg = Debug|x64
		{064D2134-E2E0-4E40-AC78-9972D89F6BDD}.Debug|x64.Build.0 = Debug|x64
		{064D2134-E2E0-4E40-AC78-9972D89F6BDD}.Debug|x86.ActiveCfg = Debug|Win32
		{064D2134-E2E0-4E40-AC78-9972D89F6BDD}.Debug|x86.Build.0 = Debug|Win32
		{064D2134-E2E0-4E40-AC78-9972D89F6BDD}.Release|x64.ActiveCfg = Release|x64
		{064D2134-E2E0-4E40-AC78-9972D89F6BDD}.Release|x64.Build.0 = Release|x64
		{064D2134-E2E0-4E40-AC78-9972D89F6BDD}.Release|x86.ActiveCfg = Release|Win32
		{064D2134-E2E0-4E40-AC78-9972D89F6BDD}.Release|x86.Build.0 = Release|Win32
		{EF33D62C-3F89-4896-9B26-9B08147E18B0}.Debug|x64.ActiveCfg = Debug|x64
		{EF33D62C-3F89-4896-9B26-9B08147E18B0}.Debug|x64.Build.0 = Debug|x64
		{EF33D62C-3F89-4896-9B26-9B08147E18B0}.Debug|x86.ActiveCfg = Debug|Win32
		{EF33D62C-3F89-4896-9B26-9B08147E18B0}.Debug|x86.Build.0 = Debug|Win32
		{EF33D62C-3F89-4896-9B26-9B08147E18B0}.Release|x64.ActiveCfg = Release|x64
		{EF33D62C-3F89-4896-9B26-9B08147E18B0}.Release|x64.Build.0 = Release|x64
		{EF33D62C-3F89-4896-9B26-9B08147E18B0}.Release|x86.ActiveCfg = Release|Win32
		{EF33D62C-3F89-4896-9B26-9B08147E18B0}.Release|x86.Build.0 = Release|Win32
	EndGlobalSection
	GlobalSection(SolutionProperties) = preSolution
		HideSolutionNode = FALSE
	EndGlobalSection
EndGlobal
