<?xml version="1.0" encoding="utf-8"?>
<Project ToolsVersion="4.0" xmlns="http://schemas.microsoft.com/developer/msbuild/2003">
  <ItemGroup>
    <Filter Include="LevelDescriptors">
      <UniqueIdentifier>{65741a7d-988c-4e6b-b41c-e9f7eb77e394}</UniqueIdentifier>
    </Filter>
    <Filter Include="World">
      <UniqueIdentifier>{8b2bdc1c-b0eb-4919-ba69-558762303d82}</UniqueIdentifier>
    </Filter>
    <Filter Include="Rendering">
      <UniqueIdentifier>{0f4eefe6-69b6-4e59-a097-d47253b38b73}</UniqueIdentifier>
    </Filter>
    <Filter Include="Inputs">
      <UniqueIdentifier>{0cf8f727-0d4b-43cb-8c81-b48bf96ad700}</UniqueIdentifier>
    </Filter>
    <Filter Include="Math">
      <UniqueIdentifier>{5df87415-32a6-47a9-adec-0cfd4c62eca4}</UniqueIdentifier>
    </Filter>
    <Filter Include="Inventory">
      <UniqueIdentifier>{d7d4afc8-76f6-4064-af35-51211b87c5ef}</UniqueIdentifier>
    </Filter>
    <Filter Include="Rendering\Renderables">
      <UniqueIdentifier>{8c19b5a1-28f1-4f49-b489-f79cb47e6350}</UniqueIdentifier>
    </Filter>
    <Filter Include="Items">
      <UniqueIdentifier>{9e93ac56-fb3f-4900-8821-26c828203333}</UniqueIdentifier>
    </Filter>
    <Filter Include="Items\Weapons">
      <UniqueIdentifier>{05485d27-bdb2-4724-b01a-577cac8a4cc8}</UniqueIdentifier>
    </Filter>
  </ItemGroup>
  <ItemGroup>
    <ClCompile Include="PlayerInitialStateDescriptor.cpp">
      <Filter>LevelDescriptors</Filter>
    </ClCompile>
    <ClCompile Include="LevelDescriptor.cpp">
      <Filter>LevelDescriptors</Filter>
    </ClCompile>
    <ClCompile Include="GameSet.cpp">
      <Filter>World</Filter>
    </ClCompile>
    <ClCompile Include="GameState.cpp">
      <Filter>World</Filter>
    </ClCompile>
    <ClCompile Include="Player.cpp">
      <Filter>World</Filter>
    </ClCompile>
    <ClCompile Include="Prop.cpp">
      <Filter>World</Filter>
    </ClCompile>
    <ClCompile Include="Wall.cpp">
      <Filter>World</Filter>
    </ClCompile>
    <ClCompile Include="BoundingBox.cpp">
      <Filter>World</Filter>
    </ClCompile>
    <ClCompile Include="AnimatedSprite.cpp">
      <Filter>Rendering</Filter>
    </ClCompile>
    <ClCompile Include="Animation.cpp">
      <Filter>Rendering</Filter>
    </ClCompile>
    <ClCompile Include="Camera.cpp">
      <Filter>World</Filter>
    </ClCompile>
    <ClCompile Include="Crosshair.cpp">
      <Filter>World</Filter>
    </ClCompile>
    <ClCompile Include="SfmlInputManager.cpp">
      <Filter>Inputs</Filter>
    </ClCompile>
    <ClCompile Include="Event.cpp">
      <Filter>Inputs</Filter>
    </ClCompile>
    <ClCompile Include="GameSettings.cpp">
      <Filter>Inputs</Filter>
    </ClCompile>
    <ClCompile Include="Projection.cpp">
      <Filter>Math</Filter>
    </ClCompile>
    <ClCompile Include="Vector2.cpp">
      <Filter>Math</Filter>
    </ClCompile>
    <ClCompile Include="SfmlRenderer.cpp">
      <Filter>Rendering</Filter>
    </ClCompile>
    <ClCompile Include="Inventory.cpp">
      <Filter>Inventory</Filter>
    </ClCompile>
    <ClCompile Include="AbstractItem.cpp">
      <Filter>Items</Filter>
    </ClCompile>
    <ClCompile Include="ItemFactory.cpp">
      <Filter>Items</Filter>
    </ClCompile>
    <ClCompile Include="Firearm.cpp">
      <Filter>Items\Weapons</Filter>
    </ClCompile>
    <ClCompile Include="Projectile.cpp">
      <Filter>Items\Weapons</Filter>
    </ClCompile>
    <ClCompile Include="AnimatedRenderable.cpp">
      <Filter>Rendering\Renderables</Filter>
    </ClCompile>
    <ClCompile Include="StaticRenderable.cpp">
      <Filter>Rendering\Renderables</Filter>
    </ClCompile>
  </ItemGroup>
  <ItemGroup>
    <ClInclude Include="GameSet.h">
      <Filter>World</Filter>
    </ClInclude>
    <ClInclude Include="GameState.h">
      <Filter>World</Filter>
    </ClInclude>
    <ClInclude Include="IGameSet.h">
      <Filter>World</Filter>
    </ClInclude>
    <ClInclude Include="IGameState.h">
      <Filter>World</Filter>
    </ClInclude>
    <ClInclude Include="Player.h">
      <Filter>World</Filter>
    </ClInclude>
    <ClInclude Include="Prop.h">
      <Filter>World</Filter>
    </ClInclude>
    <ClInclude Include="Wall.h">
      <Filter>World</Filter>
    </ClInclude>
    <ClInclude Include="BoundingBox.h">
      <Filter>World</Filter>
    </ClInclude>
    <ClInclude Include="LevelDescriptor.h">
      <Filter>LevelDescriptors</Filter>
    </ClInclude>
    <ClInclude Include="PropDescriptor.h">
      <Filter>LevelDescriptors</Filter>
    </ClInclude>
    <ClInclude Include="WallDescriptor.h">
      <Filter>LevelDescriptors</Filter>
    </ClInclude>
    <ClInclude Include="PlayerInitialStateDescriptor.h">
      <Filter>LevelDescriptors</Filter>
    </ClInclude>
    <ClInclude Include="AnimatedSprite.h">
      <Filter>Rendering</Filter>
    </ClInclude>
    <ClInclude Include="Animation.h">
      <Filter>Rendering</Filter>
    </ClInclude>
    <ClInclude Include="IRenderer.h">
      <Filter>Rendering</Filter>
    </ClInclude>
    <ClInclude Include="SfmlRenderer.h">
      <Filter>Rendering</Filter>
    </ClInclude>
    <ClInclude Include="Camera.h">
      <Filter>World</Filter>
    </ClInclude>
    <ClInclude Include="Crosshair.h">
      <Filter>World</Filter>
    </ClInclude>
    <ClInclude Include="IInputBindings.h">
      <Filter>Inputs</Filter>
    </ClInclude>
    <ClInclude Include="IInputManager.h">
      <Filter>Inputs</Filter>
    </ClInclude>
    <ClInclude Include="SfmlInputManager.h">
      <Filter>Inputs</Filter>
    </ClInclude>
    <ClInclude Include="IGameSettings.h">
      <Filter>Inputs</Filter>
    </ClInclude>
    <ClInclude Include="GameSettings.h">
      <Filter>Inputs</Filter>
    </ClInclude>
    <ClInclude Include="Event.h">
      <Filter>Inputs</Filter>
    </ClInclude>
    <ClInclude Include="Projection.h">
      <Filter>Math</Filter>
    </ClInclude>
    <ClInclude Include="Vector2.h">
      <Filter>Math</Filter>
    </ClInclude>
    <ClInclude Include="Inventory.h">
      <Filter>Inventory</Filter>
    </ClInclude>
    <ClInclude Include="ItemDescriptor.h">
      <Filter>LevelDescriptors</Filter>
    </ClInclude>
    <ClInclude Include="IItem.h">
      <Filter>Items</Filter>
    </ClInclude>
    <ClInclude Include="AbstractItem.h">
      <Filter>Items</Filter>
    </ClInclude>
    <ClInclude Include="ItemFactory.h">
      <Filter>Items</Filter>
    </ClInclude>
    <ClInclude Include="Firearm.h">
      <Filter>Items\Weapons</Filter>
    </ClInclude>
    <ClInclude Include="IWeapon.h">
      <Filter>Items\Weapons</Filter>
    </ClInclude>
    <ClInclude Include="Projectile.h">
      <Filter>Items\Weapons</Filter>
    </ClInclude>
    <ClInclude Include="IAnimatedRenderable.h">
      <Filter>Rendering\Renderables</Filter>
    </ClInclude>
    <ClInclude Include="AnimatedRenderable.h">
      <Filter>Rendering\Renderables</Filter>
    </ClInclude>
    <ClInclude Include="IStaticRenderable.h">
      <Filter>Rendering\Renderables</Filter>
    </ClInclude>
    <ClInclude Include="StaticRenderable.h">
      <Filter>Rendering\Renderables</Filter>
    </ClInclude>
    <ClInclude Include="IInventory.h">
      <Filter>Inventory</Filter>
    </ClInclude>
    <ClInclude Include="IPlayer.h">
      <Filter>World</Filter>
    </ClInclude>
  </ItemGroup>
</Project>