<?xml version="1.0" encoding="utf-8"?>
<Project ToolsVersion="4.0" xmlns="http://schemas.microsoft.com/developer/msbuild/2003">
  <ItemGroup>
    <Filter Include="LevelDescriptors">
      <UniqueIdentifier>{65741a7d-988c-4e6b-b41c-e9f7eb77e394}</UniqueIdentifier>
    </Filter>
    <Filter Include="World">
      <UniqueIdentifier>{8b2bdc1c-b0eb-4919-ba69-558762303d82}</UniqueIdentifier>
    </Filter>
    <Filter Include="Rendering">
      <UniqueIdentifier>{0f4eefe6-69b6-4e59-a097-d47253b38b73}</UniqueIdentifier>
    </Filter>
    <Filter Include="Inputs">
      <UniqueIdentifier>{0cf8f727-0d4b-43cb-8c81-b48bf96ad700}</UniqueIdentifier>
    </Filter>
    <Filter Include="Math">
      <UniqueIdentifier>{5df87415-32a6-47a9-adec-0cfd4c62eca4}</UniqueIdentifier>
    </Filter>
    <Filter Include="Inventory">
      <UniqueIdentifier>{d7d4afc8-76f6-4064-af35-51211b87c5ef}</UniqueIdentifier>
    </Filter>
    <Filter Include="Items">
      <UniqueIdentifier>{9e93ac56-fb3f-4900-8821-26c828203333}</UniqueIdentifier>
    </Filter>
    <Filter Include="Items\Weapons">
      <UniqueIdentifier>{05485d27-bdb2-4724-b01a-577cac8a4cc8}</UniqueIdentifier>
    </Filter>
    <Filter Include="Rendering\Renderers">
      <UniqueIdentifier>{ea190b33-4d23-423d-a651-3b34fddf6575}</UniqueIdentifier>
    </Filter>
    <Filter Include="World\Events">
      <UniqueIdentifier>{bb8ccca0-5772-4d02-9b0c-3c895d62e49f}</UniqueIdentifier>
    </Filter>
    <Filter Include="Audio">
      <UniqueIdentifier>{311750f0-7874-4acb-ae0a-72bc92fa8b92}</UniqueIdentifier>
    </Filter>
    <Filter Include="WorldDatabase">
      <UniqueIdentifier>{9281639b-776b-42ca-8c3f-0f8797524bfb}</UniqueIdentifier>
    </Filter>
    <Filter Include="WorldDatabase\Items">
      <UniqueIdentifier>{43362bbe-41ed-444e-b686-ccb9bcadf50e}</UniqueIdentifier>
    </Filter>
    <Filter Include="WorldDatabase\Props">
      <UniqueIdentifier>{a9efc7b1-dc4b-4538-a436-2e334609af96}</UniqueIdentifier>
    </Filter>
    <Filter Include="World\Commands">
      <UniqueIdentifier>{0d813f48-4ad3-4973-8a3d-4fa1cda54528}</UniqueIdentifier>
    </Filter>
    <Filter Include="WorldDatabase\Sounds">
      <UniqueIdentifier>{deb4739b-45c0-43b4-b89a-5669b7662fd0}</UniqueIdentifier>
    </Filter>
    <Filter Include="Npcs">
      <UniqueIdentifier>{0befa742-bb73-4914-99ec-024aada0b0ec}</UniqueIdentifier>
    </Filter>
    <Filter Include="WorldDatabase\Npcs">
      <UniqueIdentifier>{78ec4e5b-ca99-4e1f-a0c1-c7e11855e1f6}</UniqueIdentifier>
    </Filter>
  </ItemGroup>
  <ItemGroup>
    <ClCompile Include="PlayerInitialStateDescriptor.cpp">
      <Filter>LevelDescriptors</Filter>
    </ClCompile>
    <ClCompile Include="LevelDescriptor.cpp">
      <Filter>LevelDescriptors</Filter>
    </ClCompile>
    <ClCompile Include="GameState.cpp">
      <Filter>World</Filter>
    </ClCompile>
    <ClCompile Include="Player.cpp">
      <Filter>World</Filter>
    </ClCompile>
    <ClCompile Include="Prop.cpp">
      <Filter>World</Filter>
    </ClCompile>
    <ClCompile Include="Wall.cpp">
      <Filter>World</Filter>
    </ClCompile>
    <ClCompile Include="BoundingBox.cpp">
      <Filter>World</Filter>
    </ClCompile>
    <ClCompile Include="AnimatedSprite.cpp">
      <Filter>Rendering</Filter>
    </ClCompile>
    <ClCompile Include="Animation.cpp">
      <Filter>Rendering</Filter>
    </ClCompile>
    <ClCompile Include="Camera.cpp">
      <Filter>World</Filter>
    </ClCompile>
    <ClCompile Include="Crosshair.cpp">
      <Filter>World</Filter>
    </ClCompile>
    <ClCompile Include="SfmlInputManager.cpp">
      <Filter>Inputs</Filter>
    </ClCompile>
    <ClCompile Include="GameSettings.cpp">
      <Filter>Inputs</Filter>
    </ClCompile>
    <ClCompile Include="Projection.cpp">
      <Filter>Math</Filter>
    </ClCompile>
    <ClCompile Include="Vector2.cpp">
      <Filter>Math</Filter>
    </ClCompile>
    <ClCompile Include="SfmlRenderer.cpp">
      <Filter>Rendering</Filter>
    </ClCompile>
    <ClCompile Include="Inventory.cpp">
      <Filter>Inventory</Filter>
    </ClCompile>
    <ClCompile Include="AbstractItem.cpp">
      <Filter>Items</Filter>
    </ClCompile>
    <ClCompile Include="ItemFactory.cpp">
      <Filter>Items</Filter>
    </ClCompile>
    <ClCompile Include="Firearm.cpp">
      <Filter>Items\Weapons</Filter>
    </ClCompile>
    <ClCompile Include="Projectile.cpp">
      <Filter>Items\Weapons</Filter>
    </ClCompile>
    <ClCompile Include="ResourceManager.cpp">
      <Filter>Rendering</Filter>
    </ClCompile>
    <ClCompile Include="PlayerRenderer.cpp">
      <Filter>Rendering\Renderers</Filter>
    </ClCompile>
    <ClCompile Include="ProjectileRenderer.cpp">
      <Filter>Rendering\Renderers</Filter>
    </ClCompile>
    <ClCompile Include="GameSetRenderer.cpp">
      <Filter>Rendering\Renderers</Filter>
    </ClCompile>
    <ClCompile Include="ItemRenderer.cpp">
      <Filter>Rendering\Renderers</Filter>
    </ClCompile>
    <ClCompile Include="WallRenderer.cpp">
      <Filter>Rendering\Renderers</Filter>
    </ClCompile>
    <ClCompile Include="PropRenderer.cpp">
      <Filter>Rendering\Renderers</Filter>
    </ClCompile>
    <ClCompile Include="GameSet.cpp">
      <Filter>World</Filter>
    </ClCompile>
    <ClCompile Include="SfmlAudioSystem.cpp">
      <Filter>Audio</Filter>
    </ClCompile>
    <ClCompile Include="ItemDatabase.cpp">
      <Filter>WorldDatabase\Items</Filter>
    </ClCompile>
    <ClCompile Include="PropDatabase.cpp">
      <Filter>WorldDatabase\Props</Filter>
    </ClCompile>
    <ClCompile Include="WallDescriptor.cpp">
      <Filter>LevelDescriptors</Filter>
    </ClCompile>
    <ClCompile Include="LevelPropDescriptor.cpp">
      <Filter>LevelDescriptors</Filter>
    </ClCompile>
    <ClCompile Include="LevelItemDescriptor.cpp">
      <Filter>LevelDescriptors</Filter>
    </ClCompile>
    <ClCompile Include="UseCommand.cpp">
      <Filter>World\Commands</Filter>
    </ClCompile>
    <ClCompile Include="AttackCommand.cpp">
      <Filter>World\Commands</Filter>
    </ClCompile>
    <ClCompile Include="InputEventHandler.cpp">
      <Filter>World</Filter>
    </ClCompile>
    <ClCompile Include="UpdatePlayerMovementStateCommand.cpp">
      <Filter>World\Commands</Filter>
    </ClCompile>
    <ClCompile Include="SoundDatabase.cpp">
      <Filter>WorldDatabase\Sounds</Filter>
    </ClCompile>
    <ClCompile Include="Floor.cpp">
      <Filter>World</Filter>
    </ClCompile>
    <ClCompile Include="FloorDescriptor.cpp">
      <Filter>LevelDescriptors</Filter>
    </ClCompile>
    <ClCompile Include="FloorRenderer.cpp">
      <Filter>Rendering\Renderers</Filter>
    </ClCompile>
    <ClCompile Include="NonPlayingCharacterDatabase.cpp">
      <Filter>WorldDatabase\Npcs</Filter>
    </ClCompile>
    <ClCompile Include="LevelNpcDescriptor.cpp">
      <Filter>LevelDescriptors</Filter>
    </ClCompile>
    <ClCompile Include="NonPlayingCharacterFactory.cpp">
      <Filter>Npcs</Filter>
    </ClCompile>
    <ClCompile Include="NonPlayingCharacter.cpp">
      <Filter>Npcs</Filter>
    </ClCompile>
    <ClCompile Include="NonPlayingCharacterRenderer.cpp">
      <Filter>Rendering\Renderers</Filter>
    </ClCompile>
  </ItemGroup>
  <ItemGroup>
    <ClInclude Include="GameSet.h">
      <Filter>World</Filter>
    </ClInclude>
    <ClInclude Include="GameState.h">
      <Filter>World</Filter>
    </ClInclude>
    <ClInclude Include="IGameSet.h">
      <Filter>World</Filter>
    </ClInclude>
    <ClInclude Include="IGameState.h">
      <Filter>World</Filter>
    </ClInclude>
    <ClInclude Include="Player.h">
      <Filter>World</Filter>
    </ClInclude>
    <ClInclude Include="Prop.h">
      <Filter>World</Filter>
    </ClInclude>
    <ClInclude Include="Wall.h">
      <Filter>World</Filter>
    </ClInclude>
    <ClInclude Include="BoundingBox.h">
      <Filter>World</Filter>
    </ClInclude>
    <ClInclude Include="LevelDescriptor.h">
      <Filter>LevelDescriptors</Filter>
    </ClInclude>
    <ClInclude Include="WallDescriptor.h">
      <Filter>LevelDescriptors</Filter>
    </ClInclude>
    <ClInclude Include="PlayerInitialStateDescriptor.h">
      <Filter>LevelDescriptors</Filter>
    </ClInclude>
    <ClInclude Include="AnimatedSprite.h">
      <Filter>Rendering</Filter>
    </ClInclude>
    <ClInclude Include="Animation.h">
      <Filter>Rendering</Filter>
    </ClInclude>
    <ClInclude Include="IRenderer.h">
      <Filter>Rendering</Filter>
    </ClInclude>
    <ClInclude Include="SfmlRenderer.h">
      <Filter>Rendering</Filter>
    </ClInclude>
    <ClInclude Include="Camera.h">
      <Filter>World</Filter>
    </ClInclude>
    <ClInclude Include="Crosshair.h">
      <Filter>World</Filter>
    </ClInclude>
    <ClInclude Include="IInputBindings.h">
      <Filter>Inputs</Filter>
    </ClInclude>
    <ClInclude Include="IInputManager.h">
      <Filter>Inputs</Filter>
    </ClInclude>
    <ClInclude Include="SfmlInputManager.h">
      <Filter>Inputs</Filter>
    </ClInclude>
    <ClInclude Include="IGameSettings.h">
      <Filter>Inputs</Filter>
    </ClInclude>
    <ClInclude Include="GameSettings.h">
      <Filter>Inputs</Filter>
    </ClInclude>
    <ClInclude Include="Projection.h">
      <Filter>Math</Filter>
    </ClInclude>
    <ClInclude Include="Vector2.h">
      <Filter>Math</Filter>
    </ClInclude>
    <ClInclude Include="Inventory.h">
      <Filter>Inventory</Filter>
    </ClInclude>
    <ClInclude Include="IItem.h">
      <Filter>Items</Filter>
    </ClInclude>
    <ClInclude Include="AbstractItem.h">
      <Filter>Items</Filter>
    </ClInclude>
    <ClInclude Include="ItemFactory.h">
      <Filter>Items</Filter>
    </ClInclude>
    <ClInclude Include="Firearm.h">
      <Filter>Items\Weapons</Filter>
    </ClInclude>
    <ClInclude Include="IWeapon.h">
      <Filter>Items\Weapons</Filter>
    </ClInclude>
    <ClInclude Include="Projectile.h">
      <Filter>Items\Weapons</Filter>
    </ClInclude>
    <ClInclude Include="IInventory.h">
      <Filter>Inventory</Filter>
    </ClInclude>
    <ClInclude Include="IPlayer.h">
      <Filter>World</Filter>
    </ClInclude>
    <ClInclude Include="IResourceManager.h">
      <Filter>Rendering</Filter>
    </ClInclude>
    <ClInclude Include="ResourceManager.h">
      <Filter>Rendering</Filter>
    </ClInclude>
    <ClInclude Include="LevelItemDescriptor.h">
      <Filter>LevelDescriptors</Filter>
    </ClInclude>
    <ClInclude Include="IPlayerRenderer.h">
      <Filter>Rendering\Renderers</Filter>
    </ClInclude>
    <ClInclude Include="PlayerRenderer.h">
      <Filter>Rendering\Renderers</Filter>
    </ClInclude>
    <ClInclude Include="IProjectileRenderer.h">
      <Filter>Rendering\Renderers</Filter>
    </ClInclude>
    <ClInclude Include="ProjectileRenderer.h">
      <Filter>Rendering\Renderers</Filter>
    </ClInclude>
    <ClInclude Include="IGameSetRenderer.h">
      <Filter>Rendering\Renderers</Filter>
    </ClInclude>
    <ClInclude Include="GameSetRenderer.h">
      <Filter>Rendering\Renderers</Filter>
    </ClInclude>
    <ClInclude Include="IItemRenderer.h">
      <Filter>Rendering\Renderers</Filter>
    </ClInclude>
    <ClInclude Include="ItemRenderer.h">
      <Filter>Rendering\Renderers</Filter>
    </ClInclude>
    <ClInclude Include="IWallRenderer.h">
      <Filter>Rendering\Renderers</Filter>
    </ClInclude>
    <ClInclude Include="IPropRenderer.h">
      <Filter>Rendering\Renderers</Filter>
    </ClInclude>
    <ClInclude Include="WallRenderer.h">
      <Filter>Rendering\Renderers</Filter>
    </ClInclude>
    <ClInclude Include="PropRenderer.h">
      <Filter>Rendering\Renderers</Filter>
    </ClInclude>
    <ClInclude Include="GameEvent.h">
      <Filter>World\Events</Filter>
    </ClInclude>
    <ClInclude Include="GameEventType.h">
      <Filter>World\Events</Filter>
    </ClInclude>
    <ClInclude Include="IAudioSystem.h">
      <Filter>Audio</Filter>
    </ClInclude>
    <ClInclude Include="SfmlAudioSystem.h">
      <Filter>Audio</Filter>
    </ClInclude>
    <ClInclude Include="FirearmDescriptor.h">
      <Filter>WorldDatabase\Items</Filter>
    </ClInclude>
    <ClInclude Include="IItemDatabase.h">
      <Filter>WorldDatabase\Items</Filter>
    </ClInclude>
    <ClInclude Include="ItemDatabase.h">
      <Filter>WorldDatabase\Items</Filter>
    </ClInclude>
    <ClInclude Include="ItemDescriptor.h">
      <Filter>WorldDatabase\Items</Filter>
    </ClInclude>
    <ClInclude Include="ItemType.h">
      <Filter>WorldDatabase\Items</Filter>
    </ClInclude>
    <ClInclude Include="WeaponDescriptor.h">
      <Filter>WorldDatabase\Items</Filter>
    </ClInclude>
    <ClInclude Include="WeaponType.h">
      <Filter>WorldDatabase\Items</Filter>
    </ClInclude>
    <ClInclude Include="IPropDatabase.h">
      <Filter>WorldDatabase\Props</Filter>
    </ClInclude>
    <ClInclude Include="LevelPropDescriptor.h">
      <Filter>LevelDescriptors</Filter>
    </ClInclude>
    <ClInclude Include="PropDescriptor.h">
      <Filter>WorldDatabase\Props</Filter>
    </ClInclude>
    <ClInclude Include="PropDatabase.h">
      <Filter>WorldDatabase\Props</Filter>
    </ClInclude>
    <ClInclude Include="UseCommand.h">
      <Filter>World\Commands</Filter>
    </ClInclude>
    <ClInclude Include="AttackCommand.h">
      <Filter>World\Commands</Filter>
    </ClInclude>
    <ClInclude Include="ProjectileImpactEvent.h">
      <Filter>World\Events</Filter>
    </ClInclude>
    <ClInclude Include="PlayerHurtEvent.h">
      <Filter>World\Events</Filter>
    </ClInclude>
    <ClInclude Include="PlayerPickedUpItemEvent.h">
      <Filter>World\Events</Filter>
    </ClInclude>
    <ClInclude Include="IInputEventHandler.h">
      <Filter>World</Filter>
    </ClInclude>
    <ClInclude Include="InputEventHandler.h">
      <Filter>World</Filter>
    </ClInclude>
    <ClInclude Include="UpdatePlayerMovementStateCommand.h">
      <Filter>World\Commands</Filter>
    </ClInclude>
    <ClInclude Include="ISoundDatabase.h">
      <Filter>WorldDatabase\Sounds</Filter>
    </ClInclude>
    <ClInclude Include="SoundDescriptor.h">
      <Filter>WorldDatabase\Sounds</Filter>
    </ClInclude>
    <ClInclude Include="SoundDatabase.h">
      <Filter>WorldDatabase\Sounds</Filter>
    </ClInclude>
    <ClInclude Include="Floor.h">
      <Filter>World</Filter>
    </ClInclude>
    <ClInclude Include="FloorDescriptor.h">
      <Filter>LevelDescriptors</Filter>
    </ClInclude>
    <ClInclude Include="IFloorRenderer.h">
      <Filter>Rendering\Renderers</Filter>
    </ClInclude>
    <ClInclude Include="FloorRenderer.h">
      <Filter>Rendering\Renderers</Filter>
    </ClInclude>
    <ClInclude Include="NonPlayingCharacterFactory.h">
      <Filter>Npcs</Filter>
    </ClInclude>
    <ClInclude Include="INonPlayingCharacterDatabase.h">
      <Filter>WorldDatabase\Npcs</Filter>
    </ClInclude>
    <ClInclude Include="NonPlayingCharacterDatabase.h">
      <Filter>WorldDatabase\Npcs</Filter>
    </ClInclude>
    <ClInclude Include="LevelNpcDescriptor.h">
      <Filter>LevelDescriptors</Filter>
    </ClInclude>
    <ClInclude Include="NonPlayingCharacterDescriptor.h">
      <Filter>WorldDatabase\Npcs</Filter>
    </ClInclude>
    <ClInclude Include="INonPlayingCharacter.h">
      <Filter>Npcs</Filter>
    </ClInclude>
    <ClInclude Include="NonPlayingCharacter.h">
      <Filter>Npcs</Filter>
    </ClInclude>
    <ClInclude Include="NonPlayingCharacterRenderer.h">
      <Filter>Rendering\Renderers</Filter>
    </ClInclude>
    <ClInclude Include="INonPlayingCharacterRenderer.h">
      <Filter>Rendering\Renderers</Filter>
    </ClInclude>
  </ItemGroup>
</Project>